// !$*UTF8*$!
{
	archiveVersion = 1;
	classes = {
	};
	objectVersion = 56;
	objects = {

/* Begin PBXBuildFile section */
		6E4E743D2A039BFC00B01F80 /* MovieView.swift in Sources */ = {isa = PBXBuildFile; fileRef = 6E4E743C2A039BFC00B01F80 /* MovieView.swift */; };
		6E4E74402A03A84700B01F80 /* String+Ext.swift in Sources */ = {isa = PBXBuildFile; fileRef = 6E4E743F2A03A84700B01F80 /* String+Ext.swift */; };
		6ED1C2132A0396B600DE040A /* myApp1App.swift in Sources */ = {isa = PBXBuildFile; fileRef = 6ED1C2122A0396B600DE040A /* myApp1App.swift */; };
		6ED1C2152A0396B600DE040A /* ContentView.swift in Sources */ = {isa = PBXBuildFile; fileRef = 6ED1C2142A0396B600DE040A /* ContentView.swift */; };
		6ED1C2172A0396B700DE040A /* Assets.xcassets in Resources */ = {isa = PBXBuildFile; fileRef = 6ED1C2162A0396B700DE040A /* Assets.xcassets */; };
		6ED1C21A2A0396B700DE040A /* Preview Assets.xcassets in Resources */ = {isa = PBXBuildFile; fileRef = 6ED1C2192A0396B700DE040A /* Preview Assets.xcassets */; };
		6ED1C21C2A0396B700DE040A /* Persistence.swift in Sources */ = {isa = PBXBuildFile; fileRef = 6ED1C21B2A0396B700DE040A /* Persistence.swift */; };
		6ED1C21F2A0396B700DE040A /* myApp1.xcdatamodeld in Sources */ = {isa = PBXBuildFile; fileRef = 6ED1C21D2A0396B700DE040A /* myApp1.xcdatamodeld */; };
		6ED1C2292A0396B800DE040A /* myApp1Tests.swift in Sources */ = {isa = PBXBuildFile; fileRef = 6ED1C2282A0396B800DE040A /* myApp1Tests.swift */; };
		6ED1C2332A0396B800DE040A /* myApp1UITests.swift in Sources */ = {isa = PBXBuildFile; fileRef = 6ED1C2322A0396B800DE040A /* myApp1UITests.swift */; };
		6ED1C2352A0396B800DE040A /* myApp1UITestsLaunchTests.swift in Sources */ = {isa = PBXBuildFile; fileRef = 6ED1C2342A0396B800DE040A /* myApp1UITestsLaunchTests.swift */; };
		6ED1C2472A03990100DE040A /* SplashView.swift in Sources */ = {isa = PBXBuildFile; fileRef = 6ED1C2462A03990100DE040A /* SplashView.swift */; };
		6ED1C24B2A039A0400DE040A /* WeatherView.swift in Sources */ = {isa = PBXBuildFile; fileRef = 6ED1C24A2A039A0400DE040A /* WeatherView.swift */; };
		6ED1C24E2A039A2500DE040A /* MainView.swift in Sources */ = {isa = PBXBuildFile; fileRef = 6ED1C24D2A039A2500DE040A /* MainView.swift */; };
/* End PBXBuildFile section */

/* Begin PBXContainerItemProxy section */
		6ED1C2252A0396B800DE040A /* PBXContainerItemProxy */ = {
			isa = PBXContainerItemProxy;
			containerPortal = 6ED1C2072A0396B600DE040A /* Project object */;
			proxyType = 1;
			remoteGlobalIDString = 6ED1C20E2A0396B600DE040A;
			remoteInfo = myApp1;
		};
		6ED1C22F2A0396B800DE040A /* PBXContainerItemProxy */ = {
			isa = PBXContainerItemProxy;
			containerPortal = 6ED1C2072A0396B600DE040A /* Project object */;
			proxyType = 1;
			remoteGlobalIDString = 6ED1C20E2A0396B600DE040A;
			remoteInfo = myApp1;
		};
/* End PBXContainerItemProxy section */

/* Begin PBXFileReference section */
		6E4E743C2A039BFC00B01F80 /* MovieView.swift */ = {isa = PBXFileReference; lastKnownFileType = sourcecode.swift; path = MovieView.swift; sourceTree = "<group>"; };
		6E4E743F2A03A84700B01F80 /* String+Ext.swift */ = {isa = PBXFileReference; lastKnownFileType = sourcecode.swift; path = "String+Ext.swift"; sourceTree = "<group>"; };
		6ED1C20F2A0396B600DE040A /* 왓투두.app */ = {isa = PBXFileReference; explicitFileType = wrapper.application; includeInIndex = 0; path = "왓투두.app"; sourceTree = BUILT_PRODUCTS_DIR; };
		6ED1C2122A0396B600DE040A /* myApp1App.swift */ = {isa = PBXFileReference; lastKnownFileType = sourcecode.swift; path = myApp1App.swift; sourceTree = "<group>"; };
		6ED1C2142A0396B600DE040A /* ContentView.swift */ = {isa = PBXFileReference; lastKnownFileType = sourcecode.swift; path = ContentView.swift; sourceTree = "<group>"; };
		6ED1C2162A0396B700DE040A /* Assets.xcassets */ = {isa = PBXFileReference; lastKnownFileType = folder.assetcatalog; path = Assets.xcassets; sourceTree = "<group>"; };
		6ED1C2192A0396B700DE040A /* Preview Assets.xcassets */ = {isa = PBXFileReference; lastKnownFileType = folder.assetcatalog; path = "Preview Assets.xcassets"; sourceTree = "<group>"; };
		6ED1C21B2A0396B700DE040A /* Persistence.swift */ = {isa = PBXFileReference; lastKnownFileType = sourcecode.swift; path = Persistence.swift; sourceTree = "<group>"; };
		6ED1C21E2A0396B700DE040A /* myApp1.xcdatamodel */ = {isa = PBXFileReference; lastKnownFileType = wrapper.xcdatamodel; path = myApp1.xcdatamodel; sourceTree = "<group>"; };
		6ED1C2242A0396B800DE040A /* myApp1Tests.xctest */ = {isa = PBXFileReference; explicitFileType = wrapper.cfbundle; includeInIndex = 0; path = myApp1Tests.xctest; sourceTree = BUILT_PRODUCTS_DIR; };
		6ED1C2282A0396B800DE040A /* myApp1Tests.swift */ = {isa = PBXFileReference; lastKnownFileType = sourcecode.swift; path = myApp1Tests.swift; sourceTree = "<group>"; };
		6ED1C22E2A0396B800DE040A /* myApp1UITests.xctest */ = {isa = PBXFileReference; explicitFileType = wrapper.cfbundle; includeInIndex = 0; path = myApp1UITests.xctest; sourceTree = BUILT_PRODUCTS_DIR; };
		6ED1C2322A0396B800DE040A /* myApp1UITests.swift */ = {isa = PBXFileReference; lastKnownFileType = sourcecode.swift; path = myApp1UITests.swift; sourceTree = "<group>"; };
		6ED1C2342A0396B800DE040A /* myApp1UITestsLaunchTests.swift */ = {isa = PBXFileReference; lastKnownFileType = sourcecode.swift; path = myApp1UITestsLaunchTests.swift; sourceTree = "<group>"; };
		6ED1C2462A03990100DE040A /* SplashView.swift */ = {isa = PBXFileReference; lastKnownFileType = sourcecode.swift; path = SplashView.swift; sourceTree = "<group>"; };
		6ED1C24A2A039A0400DE040A /* WeatherView.swift */ = {isa = PBXFileReference; lastKnownFileType = sourcecode.swift; path = WeatherView.swift; sourceTree = "<group>"; };
		6ED1C24D2A039A2500DE040A /* MainView.swift */ = {isa = PBXFileReference; lastKnownFileType = sourcecode.swift; path = MainView.swift; sourceTree = "<group>"; };
/* End PBXFileReference section */

/* Begin PBXFrameworksBuildPhase section */
		6ED1C20C2A0396B600DE040A /* Frameworks */ = {
			isa = PBXFrameworksBuildPhase;
			buildActionMask = 2147483647;
			files = (
			);
			runOnlyForDeploymentPostprocessing = 0;
		};
		6ED1C2212A0396B800DE040A /* Frameworks */ = {
			isa = PBXFrameworksBuildPhase;
			buildActionMask = 2147483647;
			files = (
			);
			runOnlyForDeploymentPostprocessing = 0;
		};
		6ED1C22B2A0396B800DE040A /* Frameworks */ = {
			isa = PBXFrameworksBuildPhase;
			buildActionMask = 2147483647;
			files = (
			);
			runOnlyForDeploymentPostprocessing = 0;
		};
/* End PBXFrameworksBuildPhase section */

/* Begin PBXGroup section */
		6E4E743E2A03A83A00B01F80 /* Extension */ = {
			isa = PBXGroup;
			children = (
				6E4E743F2A03A84700B01F80 /* String+Ext.swift */,
			);
			path = Extension;
			sourceTree = "<group>";
		};
		6ED1C2062A0396B600DE040A = {
			isa = PBXGroup;
			children = (
				6ED1C2112A0396B600DE040A /* myApp1 */,
				6ED1C2272A0396B800DE040A /* myApp1Tests */,
				6ED1C2312A0396B800DE040A /* myApp1UITests */,
				6ED1C2102A0396B600DE040A /* Products */,
			);
			sourceTree = "<group>";
		};
		6ED1C2102A0396B600DE040A /* Products */ = {
			isa = PBXGroup;
			children = (
				6ED1C20F2A0396B600DE040A /* 왓투두.app */,
				6ED1C2242A0396B800DE040A /* myApp1Tests.xctest */,
				6ED1C22E2A0396B800DE040A /* myApp1UITests.xctest */,
			);
			name = Products;
			sourceTree = "<group>";
		};
		6ED1C2112A0396B600DE040A /* myApp1 */ = {
			isa = PBXGroup;
			children = (
				6E4E743E2A03A83A00B01F80 /* Extension */,
				6ED1C2442A03987400DE040A /* ViewModel */,
				6ED1C2432A03987100DE040A /* View */,
				6ED1C2422A03986D00DE040A /* Model */,
				6ED1C2412A03983B00DE040A /* App */,
				6ED1C2182A0396B700DE040A /* Preview Content */,
			);
			path = myApp1;
			sourceTree = "<group>";
		};
		6ED1C2182A0396B700DE040A /* Preview Content */ = {
			isa = PBXGroup;
			children = (
				6ED1C2192A0396B700DE040A /* Preview Assets.xcassets */,
			);
			path = "Preview Content";
			sourceTree = "<group>";
		};
		6ED1C2272A0396B800DE040A /* myApp1Tests */ = {
			isa = PBXGroup;
			children = (
				6ED1C2282A0396B800DE040A /* myApp1Tests.swift */,
			);
			path = myApp1Tests;
			sourceTree = "<group>";
		};
		6ED1C2312A0396B800DE040A /* myApp1UITests */ = {
			isa = PBXGroup;
			children = (
				6ED1C2322A0396B800DE040A /* myApp1UITests.swift */,
				6ED1C2342A0396B800DE040A /* myApp1UITestsLaunchTests.swift */,
			);
			path = myApp1UITests;
			sourceTree = "<group>";
		};
		6ED1C2412A03983B00DE040A /* App */ = {
			isa = PBXGroup;
			children = (
				6ED1C2142A0396B600DE040A /* ContentView.swift */,
				6ED1C21B2A0396B700DE040A /* Persistence.swift */,
				6ED1C21D2A0396B700DE040A /* myApp1.xcdatamodeld */,
				6ED1C2122A0396B600DE040A /* myApp1App.swift */,
				6ED1C2162A0396B700DE040A /* Assets.xcassets */,
			);
			path = App;
			sourceTree = "<group>";
		};
		6ED1C2422A03986D00DE040A /* Model */ = {
			isa = PBXGroup;
			children = (
			);
			path = Model;
			sourceTree = "<group>";
		};
		6ED1C2432A03987100DE040A /* View */ = {
			isa = PBXGroup;
			children = (
				6ED1C24C2A039A1E00DE040A /* MainView */,
				6ED1C2492A0399F900DE040A /* MovieView */,
				6ED1C2482A0399F400DE040A /* WeatherView */,
				6ED1C2452A0398F400DE040A /* SplashView */,
			);
			path = View;
			sourceTree = "<group>";
		};
		6ED1C2442A03987400DE040A /* ViewModel */ = {
			isa = PBXGroup;
			children = (
			);
			path = ViewModel;
			sourceTree = "<group>";
		};
		6ED1C2452A0398F400DE040A /* SplashView */ = {
			isa = PBXGroup;
			children = (
				6ED1C2462A03990100DE040A /* SplashView.swift */,
			);
			path = SplashView;
			sourceTree = "<group>";
		};
		6ED1C2482A0399F400DE040A /* WeatherView */ = {
			isa = PBXGroup;
			children = (
				6ED1C24A2A039A0400DE040A /* WeatherView.swift */,
			);
			path = WeatherView;
			sourceTree = "<group>";
		};
		6ED1C2492A0399F900DE040A /* MovieView */ = {
			isa = PBXGroup;
			children = (
				6E4E743C2A039BFC00B01F80 /* MovieView.swift */,
			);
			path = MovieView;
			sourceTree = "<group>";
		};
		6ED1C24C2A039A1E00DE040A /* MainView */ = {
			isa = PBXGroup;
			children = (
				6ED1C24D2A039A2500DE040A /* MainView.swift */,
			);
			path = MainView;
			sourceTree = "<group>";
		};
/* End PBXGroup section */

/* Begin PBXNativeTarget section */
		6ED1C20E2A0396B600DE040A /* myApp1 */ = {
			isa = PBXNativeTarget;
			buildConfigurationList = 6ED1C2382A0396B800DE040A /* Build configuration list for PBXNativeTarget "myApp1" */;
			buildPhases = (
				6ED1C20B2A0396B600DE040A /* Sources */,
				6ED1C20C2A0396B600DE040A /* Frameworks */,
				6ED1C20D2A0396B600DE040A /* Resources */,
			);
			buildRules = (
			);
			dependencies = (
			);
			name = myApp1;
			productName = myApp1;
			productReference = 6ED1C20F2A0396B600DE040A /* 왓투두.app */;
			productType = "com.apple.product-type.application";
		};
		6ED1C2232A0396B800DE040A /* myApp1Tests */ = {
			isa = PBXNativeTarget;
			buildConfigurationList = 6ED1C23B2A0396B800DE040A /* Build configuration list for PBXNativeTarget "myApp1Tests" */;
			buildPhases = (
				6ED1C2202A0396B800DE040A /* Sources */,
				6ED1C2212A0396B800DE040A /* Frameworks */,
				6ED1C2222A0396B800DE040A /* Resources */,
			);
			buildRules = (
			);
			dependencies = (
				6ED1C2262A0396B800DE040A /* PBXTargetDependency */,
			);
			name = myApp1Tests;
			productName = myApp1Tests;
			productReference = 6ED1C2242A0396B800DE040A /* myApp1Tests.xctest */;
			productType = "com.apple.product-type.bundle.unit-test";
		};
		6ED1C22D2A0396B800DE040A /* myApp1UITests */ = {
			isa = PBXNativeTarget;
			buildConfigurationList = 6ED1C23E2A0396B800DE040A /* Build configuration list for PBXNativeTarget "myApp1UITests" */;
			buildPhases = (
				6ED1C22A2A0396B800DE040A /* Sources */,
				6ED1C22B2A0396B800DE040A /* Frameworks */,
				6ED1C22C2A0396B800DE040A /* Resources */,
			);
			buildRules = (
			);
			dependencies = (
				6ED1C2302A0396B800DE040A /* PBXTargetDependency */,
			);
			name = myApp1UITests;
			productName = myApp1UITests;
			productReference = 6ED1C22E2A0396B800DE040A /* myApp1UITests.xctest */;
			productType = "com.apple.product-type.bundle.ui-testing";
		};
/* End PBXNativeTarget section */

/* Begin PBXProject section */
		6ED1C2072A0396B600DE040A /* Project object */ = {
			isa = PBXProject;
			attributes = {
				BuildIndependentTargetsInParallel = 1;
				LastSwiftUpdateCheck = 1430;
				LastUpgradeCheck = 1430;
				TargetAttributes = {
					6ED1C20E2A0396B600DE040A = {
						CreatedOnToolsVersion = 14.3;
					};
					6ED1C2232A0396B800DE040A = {
						CreatedOnToolsVersion = 14.3;
						TestTargetID = 6ED1C20E2A0396B600DE040A;
					};
					6ED1C22D2A0396B800DE040A = {
						CreatedOnToolsVersion = 14.3;
						TestTargetID = 6ED1C20E2A0396B600DE040A;
					};
				};
			};
			buildConfigurationList = 6ED1C20A2A0396B600DE040A /* Build configuration list for PBXProject "myApp1" */;
			compatibilityVersion = "Xcode 14.0";
			developmentRegion = en;
			hasScannedForEncodings = 0;
			knownRegions = (
				en,
				Base,
			);
			mainGroup = 6ED1C2062A0396B600DE040A;
			productRefGroup = 6ED1C2102A0396B600DE040A /* Products */;
			projectDirPath = "";
			projectRoot = "";
			targets = (
				6ED1C20E2A0396B600DE040A /* myApp1 */,
				6ED1C2232A0396B800DE040A /* myApp1Tests */,
				6ED1C22D2A0396B800DE040A /* myApp1UITests */,
			);
		};
/* End PBXProject section */

/* Begin PBXResourcesBuildPhase section */
		6ED1C20D2A0396B600DE040A /* Resources */ = {
			isa = PBXResourcesBuildPhase;
			buildActionMask = 2147483647;
			files = (
				6ED1C21A2A0396B700DE040A /* Preview Assets.xcassets in Resources */,
				6ED1C2172A0396B700DE040A /* Assets.xcassets in Resources */,
			);
			runOnlyForDeploymentPostprocessing = 0;
		};
		6ED1C2222A0396B800DE040A /* Resources */ = {
			isa = PBXResourcesBuildPhase;
			buildActionMask = 2147483647;
			files = (
			);
			runOnlyForDeploymentPostprocessing = 0;
		};
		6ED1C22C2A0396B800DE040A /* Resources */ = {
			isa = PBXResourcesBuildPhase;
			buildActionMask = 2147483647;
			files = (
			);
			runOnlyForDeploymentPostprocessing = 0;
		};
/* End PBXResourcesBuildPhase section */

/* Begin PBXSourcesBuildPhase section */
		6ED1C20B2A0396B600DE040A /* Sources */ = {
			isa = PBXSourcesBuildPhase;
			buildActionMask = 2147483647;
			files = (
				6E4E74402A03A84700B01F80 /* String+Ext.swift in Sources */,
				6ED1C21C2A0396B700DE040A /* Persistence.swift in Sources */,
				6ED1C24E2A039A2500DE040A /* MainView.swift in Sources */,
				6ED1C2152A0396B600DE040A /* ContentView.swift in Sources */,
				6ED1C2472A03990100DE040A /* SplashView.swift in Sources */,
				6ED1C24B2A039A0400DE040A /* WeatherView.swift in Sources */,
				6E4E743D2A039BFC00B01F80 /* MovieView.swift in Sources */,
				6ED1C2132A0396B600DE040A /* myApp1App.swift in Sources */,
				6ED1C21F2A0396B700DE040A /* myApp1.xcdatamodeld in Sources */,
			);
			runOnlyForDeploymentPostprocessing = 0;
		};
		6ED1C2202A0396B800DE040A /* Sources */ = {
			isa = PBXSourcesBuildPhase;
			buildActionMask = 2147483647;
			files = (
				6ED1C2292A0396B800DE040A /* myApp1Tests.swift in Sources */,
			);
			runOnlyForDeploymentPostprocessing = 0;
		};
		6ED1C22A2A0396B800DE040A /* Sources */ = {
			isa = PBXSourcesBuildPhase;
			buildActionMask = 2147483647;
			files = (
				6ED1C2352A0396B800DE040A /* myApp1UITestsLaunchTests.swift in Sources */,
				6ED1C2332A0396B800DE040A /* myApp1UITests.swift in Sources */,
			);
			runOnlyForDeploymentPostprocessing = 0;
		};
/* End PBXSourcesBuildPhase section */

/* Begin PBXTargetDependency section */
		6ED1C2262A0396B800DE040A /* PBXTargetDependency */ = {
			isa = PBXTargetDependency;
			target = 6ED1C20E2A0396B600DE040A /* myApp1 */;
			targetProxy = 6ED1C2252A0396B800DE040A /* PBXContainerItemProxy */;
		};
		6ED1C2302A0396B800DE040A /* PBXTargetDependency */ = {
			isa = PBXTargetDependency;
			target = 6ED1C20E2A0396B600DE040A /* myApp1 */;
			targetProxy = 6ED1C22F2A0396B800DE040A /* PBXContainerItemProxy */;
		};
/* End PBXTargetDependency section */

/* Begin XCBuildConfiguration section */
		6ED1C2362A0396B800DE040A /* Debug */ = {
			isa = XCBuildConfiguration;
			buildSettings = {
				ALWAYS_SEARCH_USER_PATHS = NO;
				CLANG_ANALYZER_NONNULL = YES;
				CLANG_ANALYZER_NUMBER_OBJECT_CONVERSION = YES_AGGRESSIVE;
				CLANG_CXX_LANGUAGE_STANDARD = "gnu++20";
				CLANG_ENABLE_MODULES = YES;
				CLANG_ENABLE_OBJC_ARC = YES;
				CLANG_ENABLE_OBJC_WEAK = YES;
				CLANG_WARN_BLOCK_CAPTURE_AUTORELEASING = YES;
				CLANG_WARN_BOOL_CONVERSION = YES;
				CLANG_WARN_COMMA = YES;
				CLANG_WARN_CONSTANT_CONVERSION = YES;
				CLANG_WARN_DEPRECATED_OBJC_IMPLEMENTATIONS = YES;
				CLANG_WARN_DIRECT_OBJC_ISA_USAGE = YES_ERROR;
				CLANG_WARN_DOCUMENTATION_COMMENTS = YES;
				CLANG_WARN_EMPTY_BODY = YES;
				CLANG_WARN_ENUM_CONVERSION = YES;
				CLANG_WARN_INFINITE_RECURSION = YES;
				CLANG_WARN_INT_CONVERSION = YES;
				CLANG_WARN_NON_LITERAL_NULL_CONVERSION = YES;
				CLANG_WARN_OBJC_IMPLICIT_RETAIN_SELF = YES;
				CLANG_WARN_OBJC_LITERAL_CONVERSION = YES;
				CLANG_WARN_OBJC_ROOT_CLASS = YES_ERROR;
				CLANG_WARN_QUOTED_INCLUDE_IN_FRAMEWORK_HEADER = YES;
				CLANG_WARN_RANGE_LOOP_ANALYSIS = YES;
				CLANG_WARN_STRICT_PROTOTYPES = YES;
				CLANG_WARN_SUSPICIOUS_MOVE = YES;
				CLANG_WARN_UNGUARDED_AVAILABILITY = YES_AGGRESSIVE;
				CLANG_WARN_UNREACHABLE_CODE = YES;
				CLANG_WARN__DUPLICATE_METHOD_MATCH = YES;
				COPY_PHASE_STRIP = NO;
				DEBUG_INFORMATION_FORMAT = dwarf;
				ENABLE_STRICT_OBJC_MSGSEND = YES;
				ENABLE_TESTABILITY = YES;
				GCC_C_LANGUAGE_STANDARD = gnu11;
				GCC_DYNAMIC_NO_PIC = NO;
				GCC_NO_COMMON_BLOCKS = YES;
				GCC_OPTIMIZATION_LEVEL = 0;
				GCC_PREPROCESSOR_DEFINITIONS = (
					"DEBUG=1",
					"$(inherited)",
				);
				GCC_WARN_64_TO_32_BIT_CONVERSION = YES;
				GCC_WARN_ABOUT_RETURN_TYPE = YES_ERROR;
				GCC_WARN_UNDECLARED_SELECTOR = YES;
				GCC_WARN_UNINITIALIZED_AUTOS = YES_AGGRESSIVE;
				GCC_WARN_UNUSED_FUNCTION = YES;
				GCC_WARN_UNUSED_VARIABLE = YES;
				IPHONEOS_DEPLOYMENT_TARGET = 16.4;
				MTL_ENABLE_DEBUG_INFO = INCLUDE_SOURCE;
				MTL_FAST_MATH = YES;
				ONLY_ACTIVE_ARCH = YES;
				SDKROOT = iphoneos;
				SWIFT_ACTIVE_COMPILATION_CONDITIONS = DEBUG;
				SWIFT_OPTIMIZATION_LEVEL = "-Onone";
			};
			name = Debug;
		};
		6ED1C2372A0396B800DE040A /* Release */ = {
			isa = XCBuildConfiguration;
			buildSettings = {
				ALWAYS_SEARCH_USER_PATHS = NO;
				CLANG_ANALYZER_NONNULL = YES;
				CLANG_ANALYZER_NUMBER_OBJECT_CONVERSION = YES_AGGRESSIVE;
				CLANG_CXX_LANGUAGE_STANDARD = "gnu++20";
				CLANG_ENABLE_MODULES = YES;
				CLANG_ENABLE_OBJC_ARC = YES;
				CLANG_ENABLE_OBJC_WEAK = YES;
				CLANG_WARN_BLOCK_CAPTURE_AUTORELEASING = YES;
				CLANG_WARN_BOOL_CONVERSION = YES;
				CLANG_WARN_COMMA = YES;
				CLANG_WARN_CONSTANT_CONVERSION = YES;
				CLANG_WARN_DEPRECATED_OBJC_IMPLEMENTATIONS = YES;
				CLANG_WARN_DIRECT_OBJC_ISA_USAGE = YES_ERROR;
				CLANG_WARN_DOCUMENTATION_COMMENTS = YES;
				CLANG_WARN_EMPTY_BODY = YES;
				CLANG_WARN_ENUM_CONVERSION = YES;
				CLANG_WARN_INFINITE_RECURSION = YES;
				CLANG_WARN_INT_CONVERSION = YES;
				CLANG_WARN_NON_LITERAL_NULL_CONVERSION = YES;
				CLANG_WARN_OBJC_IMPLICIT_RETAIN_SELF = YES;
				CLANG_WARN_OBJC_LITERAL_CONVERSION = YES;
				CLANG_WARN_OBJC_ROOT_CLASS = YES_ERROR;
				CLANG_WARN_QUOTED_INCLUDE_IN_FRAMEWORK_HEADER = YES;
				CLANG_WARN_RANGE_LOOP_ANALYSIS = YES;
				CLANG_WARN_STRICT_PROTOTYPES = YES;
				CLANG_WARN_SUSPICIOUS_MOVE = YES;
				CLANG_WARN_UNGUARDED_AVAILABILITY = YES_AGGRESSIVE;
				CLANG_WARN_UNREACHABLE_CODE = YES;
				CLANG_WARN__DUPLICATE_METHOD_MATCH = YES;
				COPY_PHASE_STRIP = NO;
				DEBUG_INFORMATION_FORMAT = "dwarf-with-dsym";
				ENABLE_NS_ASSERTIONS = NO;
				ENABLE_STRICT_OBJC_MSGSEND = YES;
				GCC_C_LANGUAGE_STANDARD = gnu11;
				GCC_NO_COMMON_BLOCKS = YES;
				GCC_WARN_64_TO_32_BIT_CONVERSION = YES;
				GCC_WARN_ABOUT_RETURN_TYPE = YES_ERROR;
				GCC_WARN_UNDECLARED_SELECTOR = YES;
				GCC_WARN_UNINITIALIZED_AUTOS = YES_AGGRESSIVE;
				GCC_WARN_UNUSED_FUNCTION = YES;
				GCC_WARN_UNUSED_VARIABLE = YES;
				IPHONEOS_DEPLOYMENT_TARGET = 16.4;
				MTL_ENABLE_DEBUG_INFO = NO;
				MTL_FAST_MATH = YES;
				SDKROOT = iphoneos;
				SWIFT_COMPILATION_MODE = wholemodule;
				SWIFT_OPTIMIZATION_LEVEL = "-O";
				VALIDATE_PRODUCT = YES;
			};
			name = Release;
		};
		6ED1C2392A0396B800DE040A /* Debug */ = {
			isa = XCBuildConfiguration;
			buildSettings = {
				ASSETCATALOG_COMPILER_APPICON_NAME = AppIcon;
				ASSETCATALOG_COMPILER_GLOBAL_ACCENT_COLOR_NAME = AccentColor;
				CODE_SIGN_STYLE = Automatic;
				CURRENT_PROJECT_VERSION = 1;
				DEVELOPMENT_ASSET_PATHS = "\"myApp1/Preview Content\"";
				DEVELOPMENT_TEAM = 7YM75J8UJJ;
				ENABLE_PREVIEWS = YES;
				GENERATE_INFOPLIST_FILE = YES;
				INFOPLIST_KEY_UIApplicationSceneManifest_Generation = YES;
				INFOPLIST_KEY_UIApplicationSupportsIndirectInputEvents = YES;
				INFOPLIST_KEY_UILaunchScreen_Generation = YES;
				INFOPLIST_KEY_UISupportedInterfaceOrientations_iPad = "UIInterfaceOrientationPortrait UIInterfaceOrientationPortraitUpsideDown UIInterfaceOrientationLandscapeLeft UIInterfaceOrientationLandscapeRight";
				INFOPLIST_KEY_UISupportedInterfaceOrientations_iPhone = "UIInterfaceOrientationPortrait UIInterfaceOrientationLandscapeLeft UIInterfaceOrientationLandscapeRight";
				INFOPLIST_KEY_UIUserInterfaceStyle = Light;
				IPHONEOS_DEPLOYMENT_TARGET = 15.0;
				LD_RUNPATH_SEARCH_PATHS = (
					"$(inherited)",
					"@executable_path/Frameworks",
				);
				MARKETING_VERSION = 1.0;
				PRODUCT_BUNDLE_IDENTIFIER = com.CY.myApp1;
				PRODUCT_NAME = "왓투두";
				SUPPORTED_PLATFORMS = "iphoneos iphonesimulator";
				SUPPORTS_MACCATALYST = NO;
				SUPPORTS_MAC_DESIGNED_FOR_IPHONE_IPAD = NO;
				SWIFT_EMIT_LOC_STRINGS = YES;
				SWIFT_VERSION = 5.0;
				TARGETED_DEVICE_FAMILY = 1;
			};
			name = Debug;
		};
		6ED1C23A2A0396B800DE040A /* Release */ = {
			isa = XCBuildConfiguration;
			buildSettings = {
				ASSETCATALOG_COMPILER_APPICON_NAME = AppIcon;
				ASSETCATALOG_COMPILER_GLOBAL_ACCENT_COLOR_NAME = AccentColor;
				CODE_SIGN_STYLE = Automatic;
				CURRENT_PROJECT_VERSION = 1;
				DEVELOPMENT_ASSET_PATHS = "\"myApp1/Preview Content\"";
				DEVELOPMENT_TEAM = 7YM75J8UJJ;
				ENABLE_PREVIEWS = YES;
				GENERATE_INFOPLIST_FILE = YES;
				INFOPLIST_KEY_UIApplicationSceneManifest_Generation = YES;
				INFOPLIST_KEY_UIApplicationSupportsIndirectInputEvents = YES;
				INFOPLIST_KEY_UILaunchScreen_Generation = YES;
				INFOPLIST_KEY_UISupportedInterfaceOrientations_iPad = "UIInterfaceOrientationPortrait UIInterfaceOrientationPortraitUpsideDown UIInterfaceOrientationLandscapeLeft UIInterfaceOrientationLandscapeRight";
				INFOPLIST_KEY_UISupportedInterfaceOrientations_iPhone = "UIInterfaceOrientationPortrait UIInterfaceOrientationLandscapeLeft UIInterfaceOrientationLandscapeRight";
				INFOPLIST_KEY_UIUserInterfaceStyle = Light;
				IPHONEOS_DEPLOYMENT_TARGET = 15.0;
				LD_RUNPATH_SEARCH_PATHS = (
					"$(inherited)",
					"@executable_path/Frameworks",
				);
				MARKETING_VERSION = 1.0;
				PRODUCT_BUNDLE_IDENTIFIER = com.CY.myApp1;
				PRODUCT_NAME = "왓투두";
				SUPPORTED_PLATFORMS = "iphoneos iphonesimulator";
				SUPPORTS_MACCATALYST = NO;
				SUPPORTS_MAC_DESIGNED_FOR_IPHONE_IPAD = NO;
				SWIFT_EMIT_LOC_STRINGS = YES;
				SWIFT_VERSION = 5.0;
				TARGETED_DEVICE_FAMILY = 1;
			};
			name = Release;
		};
		6ED1C23C2A0396B800DE040A /* Debug */ = {
			isa = XCBuildConfiguration;
			buildSettings = {
				ALWAYS_EMBED_SWIFT_STANDARD_LIBRARIES = YES;
				BUNDLE_LOADER = "$(TEST_HOST)";
				CODE_SIGN_STYLE = Automatic;
				CURRENT_PROJECT_VERSION = 1;
				DEVELOPMENT_TEAM = 7YM75J8UJJ;
				GENERATE_INFOPLIST_FILE = YES;
				IPHONEOS_DEPLOYMENT_TARGET = 16.4;
				MARKETING_VERSION = 1.0;
				PRODUCT_BUNDLE_IDENTIFIER = com.CY.myApp1Tests;
				PRODUCT_NAME = "$(TARGET_NAME)";
				SWIFT_EMIT_LOC_STRINGS = NO;
				SWIFT_VERSION = 5.0;
				TARGETED_DEVICE_FAMILY = "1,2";
				TEST_HOST = "$(BUILT_PRODUCTS_DIR)/myApp1.app/$(BUNDLE_EXECUTABLE_FOLDER_PATH)/myApp1";
			};
			name = Debug;
		};
		6ED1C23D2A0396B800DE040A /* Release */ = {
			isa = XCBuildConfiguration;
			buildSettings = {
				ALWAYS_EMBED_SWIFT_STANDARD_LIBRARIES = YES;
				BUNDLE_LOADER = "$(TEST_HOST)";
				CODE_SIGN_STYLE = Automatic;
				CURRENT_PROJECT_VERSION = 1;
				DEVELOPMENT_TEAM = 7YM75J8UJJ;
				GENERATE_INFOPLIST_FILE = YES;
				IPHONEOS_DEPLOYMENT_TARGET = 16.4;
				MARKETING_VERSION = 1.0;
				PRODUCT_BUNDLE_IDENTIFIER = com.CY.myApp1Tests;
				PRODUCT_NAME = "$(TARGET_NAME)";
				SWIFT_EMIT_LOC_STRINGS = NO;
				SWIFT_VERSION = 5.0;
				TARGETED_DEVICE_FAMILY = "1,2";
				TEST_HOST = "$(BUILT_PRODUCTS_DIR)/myApp1.app/$(BUNDLE_EXECUTABLE_FOLDER_PATH)/myApp1";
			};
			name = Release;
		};
		6ED1C23F2A0396B800DE040A /* Debug */ = {
			isa = XCBuildConfiguration;
			buildSettings = {
				ALWAYS_EMBED_SWIFT_STANDARD_LIBRARIES = YES;
				CODE_SIGN_STYLE = Automatic;
				CURRENT_PROJECT_VERSION = 1;
				DEVELOPMENT_TEAM = 7YM75J8UJJ;
				GENERATE_INFOPLIST_FILE = YES;
				MARKETING_VERSION = 1.0;
				PRODUCT_BUNDLE_IDENTIFIER = com.CY.myApp1UITests;
				PRODUCT_NAME = "$(TARGET_NAME)";
				SWIFT_EMIT_LOC_STRINGS = NO;
				SWIFT_VERSION = 5.0;
				TARGETED_DEVICE_FAMILY = "1,2";
				TEST_TARGET_NAME = myApp1;
			};
			name = Debug;
		};
		6ED1C2402A0396B800DE040A /* Release */ = {
			isa = XCBuildConfiguration;
			buildSettings = {
				ALWAYS_EMBED_SWIFT_STANDARD_LIBRARIES = YES;
				CODE_SIGN_STYLE = Automatic;
				CURRENT_PROJECT_VERSION = 1;
				DEVELOPMENT_TEAM = 7YM75J8UJJ;
				GENERATE_INFOPLIST_FILE = YES;
				MARKETING_VERSION = 1.0;
				PRODUCT_BUNDLE_IDENTIFIER = com.CY.myApp1UITests;
				PRODUCT_NAME = "$(TARGET_NAME)";
				SWIFT_EMIT_LOC_STRINGS = NO;
				SWIFT_VERSION = 5.0;
				TARGETED_DEVICE_FAMILY = "1,2";
				TEST_TARGET_NAME = myApp1;
			};
			name = Release;
		};
/* End XCBuildConfiguration section */

/* Begin XCConfigurationList section */
		6ED1C20A2A0396B600DE040A /* Build configuration list for PBXProject "myApp1" */ = {
			isa = XCConfigurationList;
			buildConfigurations = (
				6ED1C2362A0396B800DE040A /* Debug */,
				6ED1C2372A0396B800DE040A /* Release */,
			);
			defaultConfigurationIsVisible = 0;
			defaultConfigurationName = Release;
		};
		6ED1C2382A0396B800DE040A /* Build configuration list for PBXNativeTarget "myApp1" */ = {
			isa = XCConfigurationList;
			buildConfigurations = (
				6ED1C2392A0396B800DE040A /* Debug */,
				6ED1C23A2A0396B800DE040A /* Release */,
			);
			defaultConfigurationIsVisible = 0;
			defaultConfigurationName = Release;
		};
		6ED1C23B2A0396B800DE040A /* Build configuration list for PBXNativeTarget "myApp1Tests" */ = {
			isa = XCConfigurationList;
			buildConfigurations = (
				6ED1C23C2A0396B800DE040A /* Debug */,
				6ED1C23D2A0396B800DE040A /* Release */,
			);
			defaultConfigurationIsVisible = 0;
			defaultConfigurationName = Release;
		};
		6ED1C23E2A0396B800DE040A /* Build configuration list for PBXNativeTarget "myApp1UITests" */ = {
			isa = XCConfigurationList;
			buildConfigurations = (
				6ED1C23F2A0396B800DE040A /* Debug */,
				6ED1C2402A0396B800DE040A /* Release */,
			);
			defaultConfigurationIsVisible = 0;
			defaultConfigurationName = Release;
		};
/* End XCConfigurationList section */

/* Begin XCVersionGroup section */
		6ED1C21D2A0396B700DE040A /* myApp1.xcdatamodeld */ = {
			isa = XCVersionGroup;
			children = (
				6ED1C21E2A0396B700DE040A /* myApp1.xcdatamodel */,
			);
			currentVersion = 6ED1C21E2A0396B700DE040A /* myApp1.xcdatamodel */;
			path = myApp1.xcdatamodeld;
			sourceTree = "<group>";
			versionGroupType = wrapper.xcdatamodel;
		};
/* End XCVersionGroup section */
	};
	rootObject = 6ED1C2072A0396B600DE040A /* Project object */;
}
